// !$*UTF8*$!
{
	archiveVersion = 1;
	classes = {
	};
	objectVersion = 50;
	objects = {

/* Begin PBXBuildFile section */
		220162212158ABAD008F1257 /* ButtonOptions.swift in Sources */ = {isa = PBXBuildFile; fileRef = 220162202158ABAD008F1257 /* ButtonOptions.swift */; };
		220162242158C323008F1257 /* MyProtocols.swift in Sources */ = {isa = PBXBuildFile; fileRef = 220162232158C323008F1257 /* MyProtocols.swift */; };
		220162262158C9AD008F1257 /* GDNewItemPopup.swift in Sources */ = {isa = PBXBuildFile; fileRef = 220162252158C9AD008F1257 /* GDNewItemPopup.swift */; };
		220162282158F232008F1257 /* GDTextField.swift in Sources */ = {isa = PBXBuildFile; fileRef = 220162272158F232008F1257 /* GDTextField.swift */; };
		220521462135A4D60087B8B7 /* AppDelegate.swift in Sources */ = {isa = PBXBuildFile; fileRef = 220521452135A4D60087B8B7 /* AppDelegate.swift */; };
		220521482135A4D60087B8B7 /* ViewController.swift in Sources */ = {isa = PBXBuildFile; fileRef = 220521472135A4D60087B8B7 /* ViewController.swift */; };
		2205214B2135A4D60087B8B7 /* Main.storyboard in Resources */ = {isa = PBXBuildFile; fileRef = 220521492135A4D60087B8B7 /* Main.storyboard */; };
		2205214D2135A4E30087B8B7 /* Assets.xcassets in Resources */ = {isa = PBXBuildFile; fileRef = 2205214C2135A4E30087B8B7 /* Assets.xcassets */; };
		220521502135A4E30087B8B7 /* LaunchScreen.storyboard in Resources */ = {isa = PBXBuildFile; fileRef = 2205214E2135A4E30087B8B7 /* LaunchScreen.storyboard */; };
		2205215A2135AD750087B8B7 /* GDGradaint.swift in Sources */ = {isa = PBXBuildFile; fileRef = 220521592135AD750087B8B7 /* GDGradaint.swift */; };
		2205215D2135BDB20087B8B7 /* extention.swift in Sources */ = {isa = PBXBuildFile; fileRef = 2205215C2135BDB20087B8B7 /* extention.swift */; };
		220521602135E8D30087B8B7 /* GDLable.swift in Sources */ = {isa = PBXBuildFile; fileRef = 2205215F2135E8D30087B8B7 /* GDLable.swift */; };
		2205BAE92138E1470005C969 /* ListViewController.swift in Sources */ = {isa = PBXBuildFile; fileRef = 2205BAE82138E1470005C969 /* ListViewController.swift */; };
		2205BAEB2138E4BC0005C969 /* GDHeaderView.swift in Sources */ = {isa = PBXBuildFile; fileRef = 2205BAEA2138E4BC0005C969 /* GDHeaderView.swift */; };
		2251F05521389DAC00CBC939 /* GDButtons.swift in Sources */ = {isa = PBXBuildFile; fileRef = 2251F05421389DAC00CBC939 /* GDButtons.swift */; };
		225D126F2200C904008D406D /* CoreDateManager.swift in Sources */ = {isa = PBXBuildFile; fileRef = 225D126E2200C904008D406D /* CoreDateManager.swift */; };
		225D12982200D3D7008D406D /* toDoApp.xcdatamodeld in Sources */ = {isa = PBXBuildFile; fileRef = 225D12962200D3D7008D406D /* toDoApp.xcdatamodeld */; };
		2271F15F2161645E00B80FC8 /* GDTableView.swift in Sources */ = {isa = PBXBuildFile; fileRef = 2271F15E2161645E00B80FC8 /* GDTableView.swift */; };
		2271F161216188EC00B80FC8 /* GDCustomTableView.swift in Sources */ = {isa = PBXBuildFile; fileRef = 2271F160216188EC00B80FC8 /* GDCustomTableView.swift */; };
		2271F164216190AD00B80FC8 /* toDo.swift in Sources */ = {isa = PBXBuildFile; fileRef = 2271F163216190AD00B80FC8 /* toDo.swift */; };
		2276CC6D220FBFC000E7EE22 /* images in Resources */ = {isa = PBXBuildFile; fileRef = 2276CC6C220FBFC000E7EE22 /* images */; };
		22789BCD2167B52C00D712A5 /* GDButtonBox.swift in Sources */ = {isa = PBXBuildFile; fileRef = 22789BCC2167B52C00D712A5 /* GDButtonBox.swift */; };
		22FBFC2D2137E67400CD63A2 /* Raleway-v4020-Regular.otf in Resources */ = {isa = PBXBuildFile; fileRef = 22FBFC2B2137E67400CD63A2 /* Raleway-v4020-Regular.otf */; };
		22FBFC2E2137E67400CD63A2 /* Raleway-v4020-SemiBold.otf in Resources */ = {isa = PBXBuildFile; fileRef = 22FBFC2C2137E67400CD63A2 /* Raleway-v4020-SemiBold.otf */; };
/* End PBXBuildFile section */

/* Begin PBXFileReference section */
		220162202158ABAD008F1257 /* ButtonOptions.swift */ = {isa = PBXFileReference; lastKnownFileType = sourcecode.swift; path = ButtonOptions.swift; sourceTree = "<group>"; };
		220162232158C323008F1257 /* MyProtocols.swift */ = {isa = PBXFileReference; lastKnownFileType = sourcecode.swift; path = MyProtocols.swift; sourceTree = "<group>"; };
		220162252158C9AD008F1257 /* GDNewItemPopup.swift */ = {isa = PBXFileReference; lastKnownFileType = sourcecode.swift; path = GDNewItemPopup.swift; sourceTree = "<group>"; };
		220162272158F232008F1257 /* GDTextField.swift */ = {isa = PBXFileReference; lastKnownFileType = sourcecode.swift; path = GDTextField.swift; sourceTree = "<group>"; };
		220521422135A4D60087B8B7 /* ToDo-App.app */ = {isa = PBXFileReference; explicitFileType = wrapper.application; includeInIndex = 0; path = "ToDo-App.app"; sourceTree = BUILT_PRODUCTS_DIR; };
		220521452135A4D60087B8B7 /* AppDelegate.swift */ = {isa = PBXFileReference; lastKnownFileType = sourcecode.swift; path = AppDelegate.swift; sourceTree = "<group>"; };
		220521472135A4D60087B8B7 /* ViewController.swift */ = {isa = PBXFileReference; lastKnownFileType = sourcecode.swift; path = ViewController.swift; sourceTree = "<group>"; };
		2205214A2135A4D60087B8B7 /* Base */ = {isa = PBXFileReference; lastKnownFileType = file.storyboard; name = Base; path = Base.lproj/Main.storyboard; sourceTree = "<group>"; };
		2205214C2135A4E30087B8B7 /* Assets.xcassets */ = {isa = PBXFileReference; lastKnownFileType = folder.assetcatalog; path = Assets.xcassets; sourceTree = "<group>"; };
		2205214F2135A4E30087B8B7 /* Base */ = {isa = PBXFileReference; lastKnownFileType = file.storyboard; name = Base; path = Base.lproj/LaunchScreen.storyboard; sourceTree = "<group>"; };
		220521512135A4E30087B8B7 /* Info.plist */ = {isa = PBXFileReference; lastKnownFileType = text.plist.xml; path = Info.plist; sourceTree = "<group>"; };
		220521592135AD750087B8B7 /* GDGradaint.swift */ = {isa = PBXFileReference; lastKnownFileType = sourcecode.swift; path = GDGradaint.swift; sourceTree = "<group>"; };
		2205215C2135BDB20087B8B7 /* extention.swift */ = {isa = PBXFileReference; lastKnownFileType = sourcecode.swift; path = extention.swift; sourceTree = "<group>"; };
		2205215F2135E8D30087B8B7 /* GDLable.swift */ = {isa = PBXFileReference; lastKnownFileType = sourcecode.swift; path = GDLable.swift; sourceTree = "<group>"; };
		2205BAE82138E1470005C969 /* ListViewController.swift */ = {isa = PBXFileReference; lastKnownFileType = sourcecode.swift; path = ListViewController.swift; sourceTree = "<group>"; };
		2205BAEA2138E4BC0005C969 /* GDHeaderView.swift */ = {isa = PBXFileReference; lastKnownFileType = sourcecode.swift; path = GDHeaderView.swift; sourceTree = "<group>"; };
		2251F05421389DAC00CBC939 /* GDButtons.swift */ = {isa = PBXFileReference; lastKnownFileType = sourcecode.swift; path = GDButtons.swift; sourceTree = "<group>"; };
		225D126E2200C904008D406D /* CoreDateManager.swift */ = {isa = PBXFileReference; lastKnownFileType = sourcecode.swift; path = CoreDateManager.swift; sourceTree = "<group>"; };
		225D12972200D3D7008D406D /* toDoApp.xcdatamodel */ = {isa = PBXFileReference; lastKnownFileType = wrapper.xcdatamodel; path = toDoApp.xcdatamodel; sourceTree = "<group>"; };
		2271F15E2161645E00B80FC8 /* GDTableView.swift */ = {isa = PBXFileReference; lastKnownFileType = sourcecode.swift; path = GDTableView.swift; sourceTree = "<group>"; };
		2271F160216188EC00B80FC8 /* GDCustomTableView.swift */ = {isa = PBXFileReference; lastKnownFileType = sourcecode.swift; path = GDCustomTableView.swift; sourceTree = "<group>"; };
		2271F163216190AD00B80FC8 /* toDo.swift */ = {isa = PBXFileReference; lastKnownFileType = sourcecode.swift; path = toDo.swift; sourceTree = "<group>"; };
		2276CC6C220FBFC000E7EE22 /* images */ = {isa = PBXFileReference; lastKnownFileType = folder; path = images; sourceTree = "<group>"; };
		22789BCC2167B52C00D712A5 /* GDButtonBox.swift */ = {isa = PBXFileReference; lastKnownFileType = sourcecode.swift; path = GDButtonBox.swift; sourceTree = "<group>"; };
		22FBFC2B2137E67400CD63A2 /* Raleway-v4020-Regular.otf */ = {isa = PBXFileReference; lastKnownFileType = file; path = "Raleway-v4020-Regular.otf"; sourceTree = "<group>"; };
		22FBFC2C2137E67400CD63A2 /* Raleway-v4020-SemiBold.otf */ = {isa = PBXFileReference; lastKnownFileType = file; path = "Raleway-v4020-SemiBold.otf"; sourceTree = "<group>"; };
/* End PBXFileReference section */

/* Begin PBXFrameworksBuildPhase section */
		2205213F2135A4D60087B8B7 /* Frameworks */ = {
			isa = PBXFrameworksBuildPhase;
			buildActionMask = 2147483647;
			files = (
			);
			runOnlyForDeploymentPostprocessing = 0;
		};
/* End PBXFrameworksBuildPhase section */

/* Begin PBXGroup section */
		220162222158C2F9008F1257 /* Protocols */ = {
			isa = PBXGroup;
			children = (
				220162232158C323008F1257 /* MyProtocols.swift */,
			);
			path = Protocols;
			sourceTree = "<group>";
		};
		220521392135A4D50087B8B7 = {
			isa = PBXGroup;
			children = (
				2276CC6C220FBFC000E7EE22 /* images */,
				220521442135A4D60087B8B7 /* ToDo-App */,
				220521432135A4D60087B8B7 /* Products */,
			);
			sourceTree = "<group>";
		};
		220521432135A4D60087B8B7 /* Products */ = {
			isa = PBXGroup;
			children = (
				220521422135A4D60087B8B7 /* ToDo-App.app */,
			);
			name = Products;
			sourceTree = "<group>";
		};
		220521442135A4D60087B8B7 /* ToDo-App */ = {
			isa = PBXGroup;
			children = (
				2271F1622161907E00B80FC8 /* Model */,
				220162222158C2F9008F1257 /* Protocols */,
				22FBFC2A2137E55700CD63A2 /* Fonts */,
				2205215B2135BD9A0087B8B7 /* extention */,
				2205215E2135E8A90087B8B7 /* Custom */,
				2205BAEC2138E60E0005C969 /* View Controllers */,
				220521492135A4D60087B8B7 /* Main.storyboard */,
				2205214C2135A4E30087B8B7 /* Assets.xcassets */,
				2205214E2135A4E30087B8B7 /* LaunchScreen.storyboard */,
				220521512135A4E30087B8B7 /* Info.plist */,
				225D12962200D3D7008D406D /* toDoApp.xcdatamodeld */,
			);
			path = "ToDo-App";
			sourceTree = "<group>";
		};
		2205215B2135BD9A0087B8B7 /* extention */ = {
			isa = PBXGroup;
			children = (
				2205215C2135BDB20087B8B7 /* extention.swift */,
				220162202158ABAD008F1257 /* ButtonOptions.swift */,
			);
			path = extention;
			sourceTree = "<group>";
		};
		2205215E2135E8A90087B8B7 /* Custom */ = {
			isa = PBXGroup;
			children = (
				220521592135AD750087B8B7 /* GDGradaint.swift */,
				2205215F2135E8D30087B8B7 /* GDLable.swift */,
				2251F05421389DAC00CBC939 /* GDButtons.swift */,
				2205BAEA2138E4BC0005C969 /* GDHeaderView.swift */,
				220162252158C9AD008F1257 /* GDNewItemPopup.swift */,
				220162272158F232008F1257 /* GDTextField.swift */,
				2271F15E2161645E00B80FC8 /* GDTableView.swift */,
				2271F160216188EC00B80FC8 /* GDCustomTableView.swift */,
				22789BCC2167B52C00D712A5 /* GDButtonBox.swift */,
			);
			path = Custom;
			sourceTree = "<group>";
		};
		2205BAEC2138E60E0005C969 /* View Controllers */ = {
			isa = PBXGroup;
			children = (
				220521452135A4D60087B8B7 /* AppDelegate.swift */,
				220521472135A4D60087B8B7 /* ViewController.swift */,
				2205BAE82138E1470005C969 /* ListViewController.swift */,
				225D126E2200C904008D406D /* CoreDateManager.swift */,
			);
			path = "View Controllers";
			sourceTree = "<group>";
		};
		2271F1622161907E00B80FC8 /* Model */ = {
			isa = PBXGroup;
			children = (
				2271F163216190AD00B80FC8 /* toDo.swift */,
			);
			path = Model;
			sourceTree = "<group>";
		};
		22FBFC2A2137E55700CD63A2 /* Fonts */ = {
			isa = PBXGroup;
			children = (
				22FBFC2B2137E67400CD63A2 /* Raleway-v4020-Regular.otf */,
				22FBFC2C2137E67400CD63A2 /* Raleway-v4020-SemiBold.otf */,
			);
			path = Fonts;
			sourceTree = "<group>";
		};
/* End PBXGroup section */

/* Begin PBXNativeTarget section */
		220521412135A4D60087B8B7 /* ToDo-App */ = {
			isa = PBXNativeTarget;
			buildConfigurationList = 220521542135A4E30087B8B7 /* Build configuration list for PBXNativeTarget "ToDo-App" */;
			buildPhases = (
				2205213E2135A4D60087B8B7 /* Sources */,
				2205213F2135A4D60087B8B7 /* Frameworks */,
				220521402135A4D60087B8B7 /* Resources */,
			);
			buildRules = (
			);
			dependencies = (
			);
			name = "ToDo-App";
			productName = project_Udamy;
			productReference = 220521422135A4D60087B8B7 /* ToDo-App.app */;
			productType = "com.apple.product-type.application";
		};
/* End PBXNativeTarget section */

/* Begin PBXProject section */
		2205213A2135A4D60087B8B7 /* Project object */ = {
			isa = PBXProject;
			attributes = {
				LastSwiftUpdateCheck = 0940;
				LastUpgradeCheck = 0940;
				ORGANIZATIONNAME = MacOS;
				TargetAttributes = {
					220521412135A4D60087B8B7 = {
						CreatedOnToolsVersion = 9.4;
						LastSwiftMigration = 1220;
					};
				};
			};
			buildConfigurationList = 2205213D2135A4D60087B8B7 /* Build configuration list for PBXProject "ToDo-App" */;
			compatibilityVersion = "Xcode 9.3";
			developmentRegion = en;
			hasScannedForEncodings = 0;
			knownRegions = (
				en,
				Base,
			);
			mainGroup = 220521392135A4D50087B8B7;
			productRefGroup = 220521432135A4D60087B8B7 /* Products */;
			projectDirPath = "";
			projectRoot = "";
			targets = (
				220521412135A4D60087B8B7 /* ToDo-App */,
			);
		};
/* End PBXProject section */

/* Begin PBXResourcesBuildPhase section */
		220521402135A4D60087B8B7 /* Resources */ = {
			isa = PBXResourcesBuildPhase;
			buildActionMask = 2147483647;
			files = (
				2276CC6D220FBFC000E7EE22 /* images in Resources */,
				220521502135A4E30087B8B7 /* LaunchScreen.storyboard in Resources */,
				22FBFC2D2137E67400CD63A2 /* Raleway-v4020-Regular.otf in Resources */,
				2205214D2135A4E30087B8B7 /* Assets.xcassets in Resources */,
				2205214B2135A4D60087B8B7 /* Main.storyboard in Resources */,
				22FBFC2E2137E67400CD63A2 /* Raleway-v4020-SemiBold.otf in Resources */,
			);
			runOnlyForDeploymentPostprocessing = 0;
		};
/* End PBXResourcesBuildPhase section */

/* Begin PBXSourcesBuildPhase section */
		2205213E2135A4D60087B8B7 /* Sources */ = {
			isa = PBXSourcesBuildPhase;
			buildActionMask = 2147483647;
			files = (
				225D12982200D3D7008D406D /* toDoApp.xcdatamodeld in Sources */,
				220521602135E8D30087B8B7 /* GDLable.swift in Sources */,
				2271F161216188EC00B80FC8 /* GDCustomTableView.swift in Sources */,
				220162212158ABAD008F1257 /* ButtonOptions.swift in Sources */,
				22789BCD2167B52C00D712A5 /* GDButtonBox.swift in Sources */,
				2205215D2135BDB20087B8B7 /* extention.swift in Sources */,
				2251F05521389DAC00CBC939 /* GDButtons.swift in Sources */,
				220521482135A4D60087B8B7 /* ViewController.swift in Sources */,
				220162282158F232008F1257 /* GDTextField.swift in Sources */,
				220162262158C9AD008F1257 /* GDNewItemPopup.swift in Sources */,
				220521462135A4D60087B8B7 /* AppDelegate.swift in Sources */,
				2271F15F2161645E00B80FC8 /* GDTableView.swift in Sources */,
				225D126F2200C904008D406D /* CoreDateManager.swift in Sources */,
				2271F164216190AD00B80FC8 /* toDo.swift in Sources */,
				2205BAEB2138E4BC0005C969 /* GDHeaderView.swift in Sources */,
				2205BAE92138E1470005C969 /* ListViewController.swift in Sources */,
				2205215A2135AD750087B8B7 /* GDGradaint.swift in Sources */,
				220162242158C323008F1257 /* MyProtocols.swift in Sources */,
			);
			runOnlyForDeploymentPostprocessing = 0;
		};
/* End PBXSourcesBuildPhase section */

/* Begin PBXVariantGroup section */
		220521492135A4D60087B8B7 /* Main.storyboard */ = {
			isa = PBXVariantGroup;
			children = (
				2205214A2135A4D60087B8B7 /* Base */,
			);
			name = Main.storyboard;
			sourceTree = "<group>";
		};
		2205214E2135A4E30087B8B7 /* LaunchScreen.storyboard */ = {
			isa = PBXVariantGroup;
			children = (
				2205214F2135A4E30087B8B7 /* Base */,
			);
			name = LaunchScreen.storyboard;
			sourceTree = "<group>";
		};
/* End PBXVariantGroup section */

/* Begin XCBuildConfiguration section */
		220521522135A4E30087B8B7 /* Debug */ = {
			isa = XCBuildConfiguration;
			buildSettings = {
				ALWAYS_SEARCH_USER_PATHS = NO;
				CLANG_ANALYZER_NONNULL = YES;
				CLANG_ANALYZER_NUMBER_OBJECT_CONVERSION = YES_AGGRESSIVE;
				CLANG_CXX_LANGUAGE_STANDARD = "gnu++14";
				CLANG_CXX_LIBRARY = "libc++";
				CLANG_ENABLE_MODULES = YES;
				CLANG_ENABLE_OBJC_ARC = YES;
				CLANG_ENABLE_OBJC_WEAK = YES;
				CLANG_WARN_BLOCK_CAPTURE_AUTORELEASING = YES;
				CLANG_WARN_BOOL_CONVERSION = YES;
				CLANG_WARN_COMMA = YES;
				CLANG_WARN_CONSTANT_CONVERSION = YES;
				CLANG_WARN_DEPRECATED_OBJC_IMPLEMENTATIONS = YES;
				CLANG_WARN_DIRECT_OBJC_ISA_USAGE = YES_ERROR;
				CLANG_WARN_DOCUMENTATION_COMMENTS = YES;
				CLANG_WARN_EMPTY_BODY = YES;
				CLANG_WARN_ENUM_CONVERSION = YES;
				CLANG_WARN_INFINITE_RECURSION = YES;
				CLANG_WARN_INT_CONVERSION = YES;
				CLANG_WARN_NON_LITERAL_NULL_CONVERSION = YES;
				CLANG_WARN_OBJC_IMPLICIT_RETAIN_SELF = YES;
				CLANG_WARN_OBJC_LITERAL_CONVERSION = YES;
				CLANG_WARN_OBJC_ROOT_CLASS = YES_ERROR;
				CLANG_WARN_RANGE_LOOP_ANALYSIS = YES;
				CLANG_WARN_STRICT_PROTOTYPES = YES;
				CLANG_WARN_SUSPICIOUS_MOVE = YES;
				CLANG_WARN_UNGUARDED_AVAILABILITY = YES_AGGRESSIVE;
				CLANG_WARN_UNREACHABLE_CODE = YES;
				CLANG_WARN__DUPLICATE_METHOD_MATCH = YES;
				CODE_SIGN_IDENTITY = "iPhone Developer";
				COPY_PHASE_STRIP = NO;
				DEBUG_INFORMATION_FORMAT = dwarf;
				ENABLE_STRICT_OBJC_MSGSEND = YES;
				ENABLE_TESTABILITY = YES;
				GCC_C_LANGUAGE_STANDARD = gnu11;
				GCC_DYNAMIC_NO_PIC = NO;
				GCC_NO_COMMON_BLOCKS = YES;
				GCC_OPTIMIZATION_LEVEL = 0;
				GCC_PREPROCESSOR_DEFINITIONS = (
					"DEBUG=1",
					"$(inherited)",
				);
				GCC_WARN_64_TO_32_BIT_CONVERSION = YES;
				GCC_WARN_ABOUT_RETURN_TYPE = YES_ERROR;
				GCC_WARN_UNDECLARED_SELECTOR = YES;
				GCC_WARN_UNINITIALIZED_AUTOS = YES_AGGRESSIVE;
				GCC_WARN_UNUSED_FUNCTION = YES;
				GCC_WARN_UNUSED_VARIABLE = YES;
				IPHONEOS_DEPLOYMENT_TARGET = 11.4;
				MTL_ENABLE_DEBUG_INFO = YES;
				ONLY_ACTIVE_ARCH = YES;
				SDKROOT = iphoneos;
				SWIFT_ACTIVE_COMPILATION_CONDITIONS = DEBUG;
				SWIFT_OPTIMIZATION_LEVEL = "-Onone";
			};
			name = Debug;
		};
		220521532135A4E30087B8B7 /* Release */ = {
			isa = XCBuildConfiguration;
			buildSettings = {
				ALWAYS_SEARCH_USER_PATHS = NO;
				CLANG_ANALYZER_NONNULL = YES;
				CLANG_ANALYZER_NUMBER_OBJECT_CONVERSION = YES_AGGRESSIVE;
				CLANG_CXX_LANGUAGE_STANDARD = "gnu++14";
				CLANG_CXX_LIBRARY = "libc++";
				CLANG_ENABLE_MODULES = YES;
				CLANG_ENABLE_OBJC_ARC = YES;
				CLANG_ENABLE_OBJC_WEAK = YES;
				CLANG_WARN_BLOCK_CAPTURE_AUTORELEASING = YES;
				CLANG_WARN_BOOL_CONVERSION = YES;
				CLANG_WARN_COMMA = YES;
				CLANG_WARN_CONSTANT_CONVERSION = YES;
				CLANG_WARN_DEPRECATED_OBJC_IMPLEMENTATIONS = YES;
				CLANG_WARN_DIRECT_OBJC_ISA_USAGE = YES_ERROR;
				CLANG_WARN_DOCUMENTATION_COMMENTS = YES;
				CLANG_WARN_EMPTY_BODY = YES;
				CLANG_WARN_ENUM_CONVERSION = YES;
				CLANG_WARN_INFINITE_RECURSION = YES;
				CLANG_WARN_INT_CONVERSION = YES;
				CLANG_WARN_NON_LITERAL_NULL_CONVERSION = YES;
				CLANG_WARN_OBJC_IMPLICIT_RETAIN_SELF = YES;
				CLANG_WARN_OBJC_LITERAL_CONVERSION = YES;
				CLANG_WARN_OBJC_ROOT_CLASS = YES_ERROR;
				CLANG_WARN_RANGE_LOOP_ANALYSIS = YES;
				CLANG_WARN_STRICT_PROTOTYPES = YES;
				CLANG_WARN_SUSPICIOUS_MOVE = YES;
				CLANG_WARN_UNGUARDED_AVAILABILITY = YES_AGGRESSIVE;
				CLANG_WARN_UNREACHABLE_CODE = YES;
				CLANG_WARN__DUPLICATE_METHOD_MATCH = YES;
				CODE_SIGN_IDENTITY = "iPhone Developer";
				COPY_PHASE_STRIP = NO;
				DEBUG_INFORMATION_FORMAT = "dwarf-with-dsym";
				ENABLE_NS_ASSERTIONS = NO;
				ENABLE_STRICT_OBJC_MSGSEND = YES;
				GCC_C_LANGUAGE_STANDARD = gnu11;
				GCC_NO_COMMON_BLOCKS = YES;
				GCC_WARN_64_TO_32_BIT_CONVERSION = YES;
				GCC_WARN_ABOUT_RETURN_TYPE = YES_ERROR;
				GCC_WARN_UNDECLARED_SELECTOR = YES;
				GCC_WARN_UNINITIALIZED_AUTOS = YES_AGGRESSIVE;
				GCC_WARN_UNUSED_FUNCTION = YES;
				GCC_WARN_UNUSED_VARIABLE = YES;
				IPHONEOS_DEPLOYMENT_TARGET = 11.4;
				MTL_ENABLE_DEBUG_INFO = NO;
				SDKROOT = iphoneos;
				SWIFT_COMPILATION_MODE = wholemodule;
				SWIFT_OPTIMIZATION_LEVEL = "-O";
				VALIDATE_PRODUCT = YES;
			};
			name = Release;
		};
		220521552135A4E30087B8B7 /* Debug */ = {
			isa = XCBuildConfiguration;
			buildSettings = {
				ASSETCATALOG_COMPILER_APPICON_NAME = AppIcon;
				CODE_SIGN_STYLE = Automatic;
				INFOPLIST_FILE = "ToDo-App/Info.plist";
				LD_RUNPATH_SEARCH_PATHS = (
					"$(inherited)",
					"@executable_path/Frameworks",
				);
				PRODUCT_BUNDLE_IDENTIFIER = "ahmed.com.ToDo-App";
				PRODUCT_NAME = "$(TARGET_NAME)";
				SWIFT_VERSION = 5.0;
				TARGETED_DEVICE_FAMILY = "1,2";
			};
			name = Debug;
		};
		220521562135A4E30087B8B7 /* Release */ = {
			isa = XCBuildConfiguration;
			buildSettings = {
				ASSETCATALOG_COMPILER_APPICON_NAME = AppIcon;
				CODE_SIGN_STYLE = Automatic;
				INFOPLIST_FILE = "ToDo-App/Info.plist";
				LD_RUNPATH_SEARCH_PATHS = (
					"$(inherited)",
					"@executable_path/Frameworks",
				);
				PRODUCT_BUNDLE_IDENTIFIER = "ahmed.com.ToDo-App";
				PRODUCT_NAME = "$(TARGET_NAME)";
				SWIFT_VERSION = 5.0;
				TARGETED_DEVICE_FAMILY = "1,2";
			};
			name = Release;
		};
/* End XCBuildConfiguration section */

/* Begin XCConfigurationList section */
		2205213D2135A4D60087B8B7 /* Build configuration list for PBXProject "ToDo-App" */ = {
			isa = XCConfigurationList;
			buildConfigurations = (
				220521522135A4E30087B8B7 /* Debug */,
				220521532135A4E30087B8B7 /* Release */,
			);
			defaultConfigurationIsVisible = 0;
			defaultConfigurationName = Release;
		};
		220521542135A4E30087B8B7 /* Build configuration list for PBXNativeTarget "ToDo-App" */ = {
			isa = XCConfigurationList;
			buildConfigurations = (
				220521552135A4E30087B8B7 /* Debug */,
				220521562135A4E30087B8B7 /* Release */,
			);
			defaultConfigurationIsVisible = 0;
			defaultConfigurationName = Release;
		};
/* End XCConfigurationList section */

/* Begin XCVersionGroup section */
		225D12962200D3D7008D406D /* toDoApp.xcdatamodeld */ = {
			isa = XCVersionGroup;
			children = (
				225D12972200D3D7008D406D /* toDoApp.xcdatamodel */,
			);
			currentVersion = 225D12972200D3D7008D406D /* toDoApp.xcdatamodel */;
			path = toDoApp.xcdatamodeld;
			sourceTree = "<group>";
			versionGroupType = wrapper.xcdatamodel;
		};
/* End XCVersionGroup section */
	};
	rootObject = 2205213A2135A4D60087B8B7 /* Project object */;
}
